PODS:
  - AFNetworking (3.1.0):
    - AFNetworking/NSURLSession (= 3.1.0)
    - AFNetworking/Reachability (= 3.1.0)
    - AFNetworking/Security (= 3.1.0)
    - AFNetworking/Serialization (= 3.1.0)
    - AFNetworking/UIKit (= 3.1.0)
  - AFNetworking/NSURLSession (3.1.0):
    - AFNetworking/Reachability
    - AFNetworking/Security
    - AFNetworking/Serialization
  - AFNetworking/Reachability (3.1.0)
  - AFNetworking/Security (3.1.0)
  - AFNetworking/Serialization (3.1.0)
  - AFNetworking/UIKit (3.1.0):
    - AFNetworking/NSURLSession
  - HappyDNS (0.3.10)
  - PGSCommonSDK (0.0.2):
    - PGSCommonSDK/PGBaseCategory (= 0.0.2)
    - PGSCommonSDK/PGBaseTools (= 0.0.2)
    - PGSCommonSDK/SSFoundation (= 0.0.2)
  - PGSCommonSDK/PGBaseCategory (0.0.2)
  - PGSCommonSDK/PGBaseTools (0.0.2)
  - PGSCommonSDK/SSFoundation (0.0.2)
  - Qiniu (7.1.0.1):
    - AFNetworking (~> 3)
    - HappyDNS (~> 0.3)
  - SSCategoriesSDK (0.3.1):
    - SSCategoriesSDK/SSFoundation (= 0.3.1)
    - SSCategoriesSDK/SSTools (= 0.3.1)
    - SSCategoriesSDK/SSUIKit (= 0.3.1)
  - SSCategoriesSDK/SSFoundation (0.3.1):
    - SSCategoriesSDK/SSUIKit
  - SSCategoriesSDK/SSTools (0.3.1)
  - SSCategoriesSDK/SSUIKit (0.3.1)

DEPENDENCIES:
  - PGSCommonSDK
  - Qiniu (~> 7.0)
  - SSCategoriesSDK

SPEC CHECKSUMS:
  AFNetworking: 5e0e199f73d8626b11e79750991f5d173d1f8b67
  HappyDNS: 06a9fed2796663fd87626dbf02552933265bf059
  PGSCommonSDK: 530dced8a8a19043585ed78bc9c700b0ec6180da
  Qiniu: 0e92ff0d1b9afbc55275306671284e4ebeb08d03
  SSCategoriesSDK: 61a521e337070581349cec4ba5618e90109346d7

PODFILE CHECKSUM: 9d8c0d4272e4740541d327985c6b6e108697184c

COCOAPODS: 1.0.1
