// !$*UTF8*$!
{
	archiveVersion = 1;
	classes = {
	};
	objectVersion = 46;
	objects = {

/* Begin PBXBuildFile section */
		750B1D971BA342C300B6BE3B /* AppDelegate.m in Sources */ = {isa = PBXBuildFile; fileRef = 75EE21331914B46F009FAC3F /* AppDelegate.m */; };
		750B1D991BA342C300B6BE3B /* CustomClass.m in Sources */ = {isa = PBXBuildFile; fileRef = 75A28D241A4C2EAC00939F10 /* CustomClass.m */; };
		750B1D9A1BA342C300B6BE3B /* MainViewController.m in Sources */ = {isa = PBXBuildFile; fileRef = 75EE21531914B4B2009FAC3F /* MainViewController.m */; };
		750B1D9B1BA342C300B6BE3B /* main.m in Sources */ = {isa = PBXBuildFile; fileRef = 75EE212F1914B46F009FAC3F /* main.m */; };
		750B1D9D1BA342C300B6BE3B /* CoreGraphics.framework in Frameworks */ = {isa = PBXBuildFile; fileRef = 75EE21251914B46F009FAC3F /* CoreGraphics.framework */; };
		750B1D9E1BA342C300B6BE3B /* UIKit.framework in Frameworks */ = {isa = PBXBuildFile; fileRef = 75EE21271914B46F009FAC3F /* UIKit.framework */; };
		750B1D9F1BA342C300B6BE3B /* Foundation.framework in Frameworks */ = {isa = PBXBuildFile; fileRef = 75EE21231914B46F009FAC3F /* Foundation.framework */; };
		750B1DA01BA342C300B6BE3B /* (null) in Frameworks */ = {isa = PBXBuildFile; };
		750B1DA21BA342C300B6BE3B /* InfoPlist.strings in Resources */ = {isa = PBXBuildFile; fileRef = 75EE212C1914B46F009FAC3F /* InfoPlist.strings */; };
		750B1DA31BA342C300B6BE3B /* Images.xcassets in Resources */ = {isa = PBXBuildFile; fileRef = 75EE21351914B46F009FAC3F /* Images.xcassets */; };
		7527D1731D521EC7000CFDC6 /* 0803.json in Resources */ = {isa = PBXBuildFile; fileRef = 7527D1721D521EC7000CFDC6 /* 0803.json */; };
		753E0CCB1D4509FA00BF81DA /* 省心关键字(USER-20141129BV--Administrator--2016-04-24-16,29,18)(USER-20141129BV--Administrator--2016-04-24-18,30,05).xlsx in Resources */ = {isa = PBXBuildFile; fileRef = 753E0CCA1D4509FA00BF81DA /* 省心关键字(USER-20141129BV--Administrator--2016-04-24-16,29,18)(USER-20141129BV--Administrator--2016-04-24-18,30,05).xlsx */; };
		753E0CCC1D4509FA00BF81DA /* 省心关键字(USER-20141129BV--Administrator--2016-04-24-16,29,18)(USER-20141129BV--Administrator--2016-04-24-18,30,05).xlsx in Resources */ = {isa = PBXBuildFile; fileRef = 753E0CCA1D4509FA00BF81DA /* 省心关键字(USER-20141129BV--Administrator--2016-04-24-16,29,18)(USER-20141129BV--Administrator--2016-04-24-18,30,05).xlsx */; };
		755803F71D12CC460066336E /* newNce.json in Resources */ = {isa = PBXBuildFile; fileRef = 755803F61D12CC460066336E /* newNce.json */; };
		755803F91D12CFA30066336E /* nce1.json in Resources */ = {isa = PBXBuildFile; fileRef = 755803F81D12CFA30066336E /* nce1.json */; };
		757F714C1CCB83FC006AE964 /* JavaScriptCore.framework in Frameworks */ = {isa = PBXBuildFile; fileRef = 757F714B1CCB83FC006AE964 /* JavaScriptCore.framework */; };
		757F714E1CCB8407006AE964 /* libz.tbd in Frameworks */ = {isa = PBXBuildFile; fileRef = 757F714D1CCB8407006AE964 /* libz.tbd */; };
		757F71511CCB86A8006AE964 /* JSPatch.framework in Frameworks */ = {isa = PBXBuildFile; fileRef = 757F71501CCB86A8006AE964 /* JSPatch.framework */; };
		75A28D251A4C2EAC00939F10 /* CustomClass.m in Sources */ = {isa = PBXBuildFile; fileRef = 75A28D241A4C2EAC00939F10 /* CustomClass.m */; };
		75A876321CFC7ED400CB876D /* MyBundleDetailViewController.m in Sources */ = {isa = PBXBuildFile; fileRef = 75A8762B1CFC7ED400CB876D /* MyBundleDetailViewController.m */; };
		75A876331CFC7ED400CB876D /* Gauge.m in Sources */ = {isa = PBXBuildFile; fileRef = 75A8762E1CFC7ED400CB876D /* Gauge.m */; };
		75A876341CFC7ED400CB876D /* pointer.png in Resources */ = {isa = PBXBuildFile; fileRef = 75A8762F1CFC7ED400CB876D /* pointer.png */; };
		75A876351CFC7ED400CB876D /* pointer1.png in Resources */ = {isa = PBXBuildFile; fileRef = 75A876301CFC7ED400CB876D /* pointer1.png */; };
		75A876361CFC7ED400CB876D /* pointer2.png in Resources */ = {isa = PBXBuildFile; fileRef = 75A876311CFC7ED400CB876D /* pointer2.png */; };
		75BF72E11C55205200608FFC /* ybvam1.Mp4 in Resources */ = {isa = PBXBuildFile; fileRef = 75BF72E01C55205200608FFC /* ybvam1.Mp4 */; };
		75BF72E21C55205200608FFC /* ybvam1.Mp4 in Resources */ = {isa = PBXBuildFile; fileRef = 75BF72E01C55205200608FFC /* ybvam1.Mp4 */; };
		75BF72E41C55210C00608FFC /* ybvam11.env in Resources */ = {isa = PBXBuildFile; fileRef = 75BF72E31C55210C00608FFC /* ybvam11.env */; };
		75BF72E51C55210C00608FFC /* ybvam11.env in Resources */ = {isa = PBXBuildFile; fileRef = 75BF72E31C55210C00608FFC /* ybvam11.env */; };
		75C34A511CC8FED7002330A9 /* IndexVC.m in Sources */ = {isa = PBXBuildFile; fileRef = 75C34A501CC8FED7002330A9 /* IndexVC.m */; };
		75C34A551CC901F5002330A9 /* CocoaSecurity.m in Sources */ = {isa = PBXBuildFile; fileRef = 75C34A541CC901F5002330A9 /* CocoaSecurity.m */; };
		75C34A591CC901FC002330A9 /* Base64.m in Sources */ = {isa = PBXBuildFile; fileRef = 75C34A581CC901FC002330A9 /* Base64.m */; };
		75C51BB31D5094A200A2B9EA /* 0802NCEV.json in Resources */ = {isa = PBXBuildFile; fileRef = 75C51BB21D5094A200A2B9EA /* 0802NCEV.json */; };
		75C51BB51D5094AA00A2B9EA /* 0802.json in Resources */ = {isa = PBXBuildFile; fileRef = 75C51BB41D5094AA00A2B9EA /* 0802.json */; };
		75C51BB81D5094C600A2B9EA /* 0802O.json in Resources */ = {isa = PBXBuildFile; fileRef = 75C51BB71D5094C600A2B9EA /* 0802O.json */; };
		75C51BBC1D50A44D00A2B9EA /* WordModel.m in Sources */ = {isa = PBXBuildFile; fileRef = 75C51BBB1D50A44D00A2B9EA /* WordModel.m */; };
		75EE21241914B46F009FAC3F /* Foundation.framework in Frameworks */ = {isa = PBXBuildFile; fileRef = 75EE21231914B46F009FAC3F /* Foundation.framework */; };
		75EE21261914B46F009FAC3F /* CoreGraphics.framework in Frameworks */ = {isa = PBXBuildFile; fileRef = 75EE21251914B46F009FAC3F /* CoreGraphics.framework */; };
		75EE21281914B46F009FAC3F /* UIKit.framework in Frameworks */ = {isa = PBXBuildFile; fileRef = 75EE21271914B46F009FAC3F /* UIKit.framework */; };
		75EE212E1914B46F009FAC3F /* InfoPlist.strings in Resources */ = {isa = PBXBuildFile; fileRef = 75EE212C1914B46F009FAC3F /* InfoPlist.strings */; };
		75EE21301914B46F009FAC3F /* main.m in Sources */ = {isa = PBXBuildFile; fileRef = 75EE212F1914B46F009FAC3F /* main.m */; };
		75EE21341914B46F009FAC3F /* AppDelegate.m in Sources */ = {isa = PBXBuildFile; fileRef = 75EE21331914B46F009FAC3F /* AppDelegate.m */; };
		75EE21361914B46F009FAC3F /* Images.xcassets in Resources */ = {isa = PBXBuildFile; fileRef = 75EE21351914B46F009FAC3F /* Images.xcassets */; };
		75EE213D1914B46F009FAC3F /* XCTest.framework in Frameworks */ = {isa = PBXBuildFile; fileRef = 75EE213C1914B46F009FAC3F /* XCTest.framework */; };
		75EE213E1914B46F009FAC3F /* Foundation.framework in Frameworks */ = {isa = PBXBuildFile; fileRef = 75EE21231914B46F009FAC3F /* Foundation.framework */; };
		75EE213F1914B46F009FAC3F /* UIKit.framework in Frameworks */ = {isa = PBXBuildFile; fileRef = 75EE21271914B46F009FAC3F /* UIKit.framework */; };
		75EE21471914B470009FAC3F /* InfoPlist.strings in Resources */ = {isa = PBXBuildFile; fileRef = 75EE21451914B470009FAC3F /* InfoPlist.strings */; };
		75EE21491914B470009FAC3F /* test1Tests.m in Sources */ = {isa = PBXBuildFile; fileRef = 75EE21481914B470009FAC3F /* test1Tests.m */; };
		75EE21541914B4B2009FAC3F /* MainViewController.m in Sources */ = {isa = PBXBuildFile; fileRef = 75EE21531914B4B2009FAC3F /* MainViewController.m */; };
		7B2B2AE04F005467E3BF0F21 /* libPods-test1.a in Frameworks */ = {isa = PBXBuildFile; fileRef = 8361946A54E601D57FCC022E /* libPods-test1.a */; };
/* End PBXBuildFile section */

/* Begin PBXContainerItemProxy section */
		75EE21401914B46F009FAC3F /* PBXContainerItemProxy */ = {
			isa = PBXContainerItemProxy;
			containerPortal = 75EE21181914B46F009FAC3F /* Project object */;
			proxyType = 1;
			remoteGlobalIDString = 75EE211F1914B46F009FAC3F;
			remoteInfo = test1;
		};
/* End PBXContainerItemProxy section */

/* Begin PBXFileReference section */
		54ABFF5A2F0EF7A6C794774F /* Pods-test1.release.xcconfig */ = {isa = PBXFileReference; includeInIndex = 1; lastKnownFileType = text.xcconfig; name = "Pods-test1.release.xcconfig"; path = "Pods/Target Support Files/Pods-test1/Pods-test1.release.xcconfig"; sourceTree = "<group>"; };
		750B1DA81BA342C300B6BE3B /* test1 copy.app */ = {isa = PBXFileReference; explicitFileType = wrapper.application; includeInIndex = 0; path = "test1 copy.app"; sourceTree = BUILT_PRODUCTS_DIR; };
		750B1DA91BA342C300B6BE3B /* test1 copy-Info.plist */ = {isa = PBXFileReference; lastKnownFileType = text.plist.xml; name = "test1 copy-Info.plist"; path = "/Users/yangshuo/Desktop/test1/test1 copy-Info.plist"; sourceTree = "<absolute>"; };
		7527D1721D521EC7000CFDC6 /* 0803.json */ = {isa = PBXFileReference; fileEncoding = 4; lastKnownFileType = text.json; path = 0803.json; sourceTree = "<group>"; };
		753E0CCA1D4509FA00BF81DA /* 省心关键字(USER-20141129BV--Administrator--2016-04-24-16,29,18)(USER-20141129BV--Administrator--2016-04-24-18,30,05).xlsx */ = {isa = PBXFileReference; lastKnownFileType = file; path = "省心关键字(USER-20141129BV--Administrator--2016-04-24-16,29,18)(USER-20141129BV--Administrator--2016-04-24-18,30,05).xlsx"; sourceTree = "<group>"; };
		755803F61D12CC460066336E /* newNce.json */ = {isa = PBXFileReference; fileEncoding = 4; lastKnownFileType = text.json; name = newNce.json; path = ../newNce.json; sourceTree = "<group>"; };
		755803F81D12CFA30066336E /* nce1.json */ = {isa = PBXFileReference; fileEncoding = 4; lastKnownFileType = text.json; name = nce1.json; path = ../CocoaSecurity/nce1.json; sourceTree = "<group>"; };
		757F714B1CCB83FC006AE964 /* JavaScriptCore.framework */ = {isa = PBXFileReference; lastKnownFileType = wrapper.framework; name = JavaScriptCore.framework; path = System/Library/Frameworks/JavaScriptCore.framework; sourceTree = SDKROOT; };
		757F714D1CCB8407006AE964 /* libz.tbd */ = {isa = PBXFileReference; lastKnownFileType = "sourcecode.text-based-dylib-definition"; name = libz.tbd; path = usr/lib/libz.tbd; sourceTree = SDKROOT; };
		757F71501CCB86A8006AE964 /* JSPatch.framework */ = {isa = PBXFileReference; lastKnownFileType = wrapper.framework; name = JSPatch.framework; path = ../JSPatch.framework; sourceTree = "<group>"; };
		75A28D231A4C2EAC00939F10 /* CustomClass.h */ = {isa = PBXFileReference; fileEncoding = 4; lastKnownFileType = sourcecode.c.h; name = CustomClass.h; path = ../CustomClass.h; sourceTree = "<group>"; };
		75A28D241A4C2EAC00939F10 /* CustomClass.m */ = {isa = PBXFileReference; fileEncoding = 4; lastKnownFileType = sourcecode.c.objc; name = CustomClass.m; path = ../CustomClass.m; sourceTree = "<group>"; };
		75A8762A1CFC7ED400CB876D /* MyBundleDetailViewController.h */ = {isa = PBXFileReference; fileEncoding = 4; lastKnownFileType = sourcecode.c.h; path = MyBundleDetailViewController.h; sourceTree = "<group>"; };
		75A8762B1CFC7ED400CB876D /* MyBundleDetailViewController.m */ = {isa = PBXFileReference; fileEncoding = 4; lastKnownFileType = sourcecode.c.objc; path = MyBundleDetailViewController.m; sourceTree = "<group>"; };
		75A8762D1CFC7ED400CB876D /* Gauge.h */ = {isa = PBXFileReference; fileEncoding = 4; lastKnownFileType = sourcecode.c.h; path = Gauge.h; sourceTree = "<group>"; };
		75A8762E1CFC7ED400CB876D /* Gauge.m */ = {isa = PBXFileReference; fileEncoding = 4; lastKnownFileType = sourcecode.c.objc; path = Gauge.m; sourceTree = "<group>"; };
		75A8762F1CFC7ED400CB876D /* pointer.png */ = {isa = PBXFileReference; lastKnownFileType = image.png; path = pointer.png; sourceTree = "<group>"; };
		75A876301CFC7ED400CB876D /* pointer1.png */ = {isa = PBXFileReference; lastKnownFileType = image.png; path = pointer1.png; sourceTree = "<group>"; };
		75A876311CFC7ED400CB876D /* pointer2.png */ = {isa = PBXFileReference; lastKnownFileType = image.png; path = pointer2.png; sourceTree = "<group>"; };
		75BF72E01C55205200608FFC /* ybvam1.Mp4 */ = {isa = PBXFileReference; lastKnownFileType = file; path = ybvam1.Mp4; sourceTree = "<group>"; };
		75BF72E31C55210C00608FFC /* ybvam11.env */ = {isa = PBXFileReference; lastKnownFileType = file; path = ybvam11.env; sourceTree = "<group>"; };
		75C34A4F1CC8FED7002330A9 /* IndexVC.h */ = {isa = PBXFileReference; fileEncoding = 4; lastKnownFileType = sourcecode.c.h; name = IndexVC.h; path = ../IndexVC.h; sourceTree = "<group>"; };
		75C34A501CC8FED7002330A9 /* IndexVC.m */ = {isa = PBXFileReference; fileEncoding = 4; lastKnownFileType = sourcecode.c.objc; name = IndexVC.m; path = ../IndexVC.m; sourceTree = "<group>"; };
		75C34A531CC901F5002330A9 /* CocoaSecurity.h */ = {isa = PBXFileReference; fileEncoding = 4; lastKnownFileType = sourcecode.c.h; path = CocoaSecurity.h; sourceTree = "<group>"; };
		75C34A541CC901F5002330A9 /* CocoaSecurity.m */ = {isa = PBXFileReference; fileEncoding = 4; lastKnownFileType = sourcecode.c.objc; path = CocoaSecurity.m; sourceTree = "<group>"; };
		75C34A571CC901FC002330A9 /* Base64.h */ = {isa = PBXFileReference; fileEncoding = 4; lastKnownFileType = sourcecode.c.h; path = Base64.h; sourceTree = "<group>"; };
		75C34A581CC901FC002330A9 /* Base64.m */ = {isa = PBXFileReference; fileEncoding = 4; lastKnownFileType = sourcecode.c.objc; path = Base64.m; sourceTree = "<group>"; };
		75C51BB21D5094A200A2B9EA /* 0802NCEV.json */ = {isa = PBXFileReference; fileEncoding = 4; lastKnownFileType = text.json; path = 0802NCEV.json; sourceTree = "<group>"; };
		75C51BB41D5094AA00A2B9EA /* 0802.json */ = {isa = PBXFileReference; fileEncoding = 4; lastKnownFileType = text.json; path = 0802.json; sourceTree = "<group>"; };
		75C51BB71D5094C600A2B9EA /* 0802O.json */ = {isa = PBXFileReference; fileEncoding = 4; lastKnownFileType = text.json; path = 0802O.json; sourceTree = "<group>"; };
		75C51BBA1D50A44D00A2B9EA /* WordModel.h */ = {isa = PBXFileReference; fileEncoding = 4; lastKnownFileType = sourcecode.c.h; path = WordModel.h; sourceTree = "<group>"; };
		75C51BBB1D50A44D00A2B9EA /* WordModel.m */ = {isa = PBXFileReference; fileEncoding = 4; lastKnownFileType = sourcecode.c.objc; path = WordModel.m; sourceTree = "<group>"; };
		75EE21201914B46F009FAC3F /* test1.app */ = {isa = PBXFileReference; explicitFileType = wrapper.application; includeInIndex = 0; path = test1.app; sourceTree = BUILT_PRODUCTS_DIR; };
		75EE21231914B46F009FAC3F /* Foundation.framework */ = {isa = PBXFileReference; lastKnownFileType = wrapper.framework; name = Foundation.framework; path = System/Library/Frameworks/Foundation.framework; sourceTree = SDKROOT; };
		75EE21251914B46F009FAC3F /* CoreGraphics.framework */ = {isa = PBXFileReference; lastKnownFileType = wrapper.framework; name = CoreGraphics.framework; path = System/Library/Frameworks/CoreGraphics.framework; sourceTree = SDKROOT; };
		75EE21271914B46F009FAC3F /* UIKit.framework */ = {isa = PBXFileReference; lastKnownFileType = wrapper.framework; name = UIKit.framework; path = System/Library/Frameworks/UIKit.framework; sourceTree = SDKROOT; };
		75EE212B1914B46F009FAC3F /* test1-Info.plist */ = {isa = PBXFileReference; lastKnownFileType = text.plist.xml; path = "test1-Info.plist"; sourceTree = "<group>"; };
		75EE212D1914B46F009FAC3F /* en */ = {isa = PBXFileReference; lastKnownFileType = text.plist.strings; name = en; path = en.lproj/InfoPlist.strings; sourceTree = "<group>"; };
		75EE212F1914B46F009FAC3F /* main.m */ = {isa = PBXFileReference; lastKnownFileType = sourcecode.c.objc; path = main.m; sourceTree = "<group>"; };
		75EE21311914B46F009FAC3F /* test1-Prefix.pch */ = {isa = PBXFileReference; lastKnownFileType = sourcecode.c.h; path = "test1-Prefix.pch"; sourceTree = "<group>"; };
		75EE21321914B46F009FAC3F /* AppDelegate.h */ = {isa = PBXFileReference; lastKnownFileType = sourcecode.c.h; path = AppDelegate.h; sourceTree = "<group>"; };
		75EE21331914B46F009FAC3F /* AppDelegate.m */ = {isa = PBXFileReference; lastKnownFileType = sourcecode.c.objc; path = AppDelegate.m; sourceTree = "<group>"; };
		75EE21351914B46F009FAC3F /* Images.xcassets */ = {isa = PBXFileReference; lastKnownFileType = folder.assetcatalog; path = Images.xcassets; sourceTree = "<group>"; };
		75EE213B1914B46F009FAC3F /* test1Tests.xctest */ = {isa = PBXFileReference; explicitFileType = wrapper.cfbundle; includeInIndex = 0; path = test1Tests.xctest; sourceTree = BUILT_PRODUCTS_DIR; };
		75EE213C1914B46F009FAC3F /* XCTest.framework */ = {isa = PBXFileReference; lastKnownFileType = wrapper.framework; name = XCTest.framework; path = Library/Frameworks/XCTest.framework; sourceTree = DEVELOPER_DIR; };
		75EE21441914B46F009FAC3F /* test1Tests-Info.plist */ = {isa = PBXFileReference; lastKnownFileType = text.plist.xml; path = "test1Tests-Info.plist"; sourceTree = "<group>"; };
		75EE21461914B470009FAC3F /* en */ = {isa = PBXFileReference; lastKnownFileType = text.plist.strings; name = en; path = en.lproj/InfoPlist.strings; sourceTree = "<group>"; };
		75EE21481914B470009FAC3F /* test1Tests.m */ = {isa = PBXFileReference; lastKnownFileType = sourcecode.c.objc; path = test1Tests.m; sourceTree = "<group>"; };
		75EE21521914B4B2009FAC3F /* MainViewController.h */ = {isa = PBXFileReference; fileEncoding = 4; lastKnownFileType = sourcecode.c.h; name = MainViewController.h; path = ../MainViewController.h; sourceTree = "<group>"; };
		75EE21531914B4B2009FAC3F /* MainViewController.m */ = {isa = PBXFileReference; fileEncoding = 4; lastKnownFileType = sourcecode.c.objc; name = MainViewController.m; path = ../MainViewController.m; sourceTree = "<group>"; };
		8361946A54E601D57FCC022E /* libPods-test1.a */ = {isa = PBXFileReference; explicitFileType = archive.ar; includeInIndex = 0; path = "libPods-test1.a"; sourceTree = BUILT_PRODUCTS_DIR; };
		A740CE9BF856254642EC704C /* Pods-test1.debug.xcconfig */ = {isa = PBXFileReference; includeInIndex = 1; lastKnownFileType = text.xcconfig; name = "Pods-test1.debug.xcconfig"; path = "Pods/Target Support Files/Pods-test1/Pods-test1.debug.xcconfig"; sourceTree = "<group>"; };
/* End PBXFileReference section */

/* Begin PBXFrameworksBuildPhase section */
		750B1D9C1BA342C300B6BE3B /* Frameworks */ = {
			isa = PBXFrameworksBuildPhase;
			buildActionMask = 2147483647;
			files = (
				750B1D9D1BA342C300B6BE3B /* CoreGraphics.framework in Frameworks */,
				750B1D9E1BA342C300B6BE3B /* UIKit.framework in Frameworks */,
				750B1D9F1BA342C300B6BE3B /* Foundation.framework in Frameworks */,
				750B1DA01BA342C300B6BE3B /* (null) in Frameworks */,
			);
			runOnlyForDeploymentPostprocessing = 0;
		};
		75EE211D1914B46F009FAC3F /* Frameworks */ = {
			isa = PBXFrameworksBuildPhase;
			buildActionMask = 2147483647;
			files = (
				757F71511CCB86A8006AE964 /* JSPatch.framework in Frameworks */,
				757F714E1CCB8407006AE964 /* libz.tbd in Frameworks */,
				757F714C1CCB83FC006AE964 /* JavaScriptCore.framework in Frameworks */,
				75EE21261914B46F009FAC3F /* CoreGraphics.framework in Frameworks */,
				75EE21281914B46F009FAC3F /* UIKit.framework in Frameworks */,
				75EE21241914B46F009FAC3F /* Foundation.framework in Frameworks */,
				7B2B2AE04F005467E3BF0F21 /* libPods-test1.a in Frameworks */,
			);
			runOnlyForDeploymentPostprocessing = 0;
		};
		75EE21381914B46F009FAC3F /* Frameworks */ = {
			isa = PBXFrameworksBuildPhase;
			buildActionMask = 2147483647;
			files = (
				75EE213D1914B46F009FAC3F /* XCTest.framework in Frameworks */,
				75EE213F1914B46F009FAC3F /* UIKit.framework in Frameworks */,
				75EE213E1914B46F009FAC3F /* Foundation.framework in Frameworks */,
			);
			runOnlyForDeploymentPostprocessing = 0;
		};
/* End PBXFrameworksBuildPhase section */

/* Begin PBXGroup section */
		75A876291CFC7ED400CB876D /* myBundle */ = {
			isa = PBXGroup;
			children = (
				75C51BB61D5094B900A2B9EA /* NCEONLY */,
				75C9C2E41D5030C900F336EF /* NCEVIPFile */,
				75C9C2E31D5030BA00F336EF /* NCEFile */,
				753E0CCA1D4509FA00BF81DA /* 省心关键字(USER-20141129BV--Administrator--2016-04-24-16,29,18)(USER-20141129BV--Administrator--2016-04-24-18,30,05).xlsx */,
				75A8762A1CFC7ED400CB876D /* MyBundleDetailViewController.h */,
				75A8762B1CFC7ED400CB876D /* MyBundleDetailViewController.m */,
				75A8762C1CFC7ED400CB876D /* pic */,
				75C51BBA1D50A44D00A2B9EA /* WordModel.h */,
				75C51BBB1D50A44D00A2B9EA /* WordModel.m */,
			);
			path = myBundle;
			sourceTree = "<group>";
		};
		75A8762C1CFC7ED400CB876D /* pic */ = {
			isa = PBXGroup;
			children = (
				75A8762D1CFC7ED400CB876D /* Gauge.h */,
				75A8762E1CFC7ED400CB876D /* Gauge.m */,
				75A8762F1CFC7ED400CB876D /* pointer.png */,
				75A876301CFC7ED400CB876D /* pointer1.png */,
				75A876311CFC7ED400CB876D /* pointer2.png */,
			);
			path = pic;
			sourceTree = "<group>";
		};
		75C34A521CC901F5002330A9 /* CocoaSecurity */ = {
			isa = PBXGroup;
			children = (
				75C34A531CC901F5002330A9 /* CocoaSecurity.h */,
				75C34A541CC901F5002330A9 /* CocoaSecurity.m */,
			);
			name = CocoaSecurity;
			path = ../CocoaSecurity;
			sourceTree = "<group>";
		};
		75C34A561CC901FC002330A9 /* Base64 */ = {
			isa = PBXGroup;
			children = (
				75C34A521CC901F5002330A9 /* CocoaSecurity */,
				757F71501CCB86A8006AE964 /* JSPatch.framework */,
				75C34A571CC901FC002330A9 /* Base64.h */,
				75C34A581CC901FC002330A9 /* Base64.m */,
			);
			path = Base64;
			sourceTree = "<group>";
		};
		75C51BB61D5094B900A2B9EA /* NCEONLY */ = {
			isa = PBXGroup;
			children = (
				7527D1721D521EC7000CFDC6 /* 0803.json */,
				75C51BB71D5094C600A2B9EA /* 0802O.json */,
			);
			name = NCEONLY;
			path = ../NCEONLY;
			sourceTree = "<group>";
		};
		75C51BB91D50951F00A2B9EA /* TestSDK */ = {
			isa = PBXGroup;
			children = (
				75EE21521914B4B2009FAC3F /* MainViewController.h */,
				75EE21531914B4B2009FAC3F /* MainViewController.m */,
				75A28D231A4C2EAC00939F10 /* CustomClass.h */,
				75A28D241A4C2EAC00939F10 /* CustomClass.m */,
				75C34A4F1CC8FED7002330A9 /* IndexVC.h */,
				75C34A501CC8FED7002330A9 /* IndexVC.m */,
			);
			path = TestSDK;
			sourceTree = "<group>";
		};
		75C9C2E31D5030BA00F336EF /* NCEFile */ = {
			isa = PBXGroup;
			children = (
				75C51BB41D5094AA00A2B9EA /* 0802.json */,
				755803F81D12CFA30066336E /* nce1.json */,
			);
			name = NCEFile;
			path = ../NCEFile;
			sourceTree = "<group>";
		};
		75C9C2E41D5030C900F336EF /* NCEVIPFile */ = {
			isa = PBXGroup;
			children = (
				75C51BB21D5094A200A2B9EA /* 0802NCEV.json */,
				755803F61D12CC460066336E /* newNce.json */,
			);
			name = NCEVIPFile;
			path = ../NCEVIPFile;
			sourceTree = "<group>";
		};
		75EE21171914B46F009FAC3F = {
			isa = PBXGroup;
			children = (
				75EE21291914B46F009FAC3F /* test1 */,
				75EE21421914B46F009FAC3F /* test1Tests */,
				75EE21221914B46F009FAC3F /* Frameworks */,
				75EE21211914B46F009FAC3F /* Products */,
				F5CBE6167115809C7F374037 /* Pods */,
				750B1DA91BA342C300B6BE3B /* test1 copy-Info.plist */,
			);
			sourceTree = "<group>";
		};
		75EE21211914B46F009FAC3F /* Products */ = {
			isa = PBXGroup;
			children = (
				75EE21201914B46F009FAC3F /* test1.app */,
				75EE213B1914B46F009FAC3F /* test1Tests.xctest */,
				750B1DA81BA342C300B6BE3B /* test1 copy.app */,
			);
			name = Products;
			sourceTree = "<group>";
		};
		75EE21221914B46F009FAC3F /* Frameworks */ = {
			isa = PBXGroup;
			children = (
				757F714D1CCB8407006AE964 /* libz.tbd */,
				757F714B1CCB83FC006AE964 /* JavaScriptCore.framework */,
				75EE21231914B46F009FAC3F /* Foundation.framework */,
				75EE21251914B46F009FAC3F /* CoreGraphics.framework */,
				75EE21271914B46F009FAC3F /* UIKit.framework */,
				75EE213C1914B46F009FAC3F /* XCTest.framework */,
				8361946A54E601D57FCC022E /* libPods-test1.a */,
			);
			name = Frameworks;
			sourceTree = "<group>";
		};
		75EE21291914B46F009FAC3F /* test1 */ = {
			isa = PBXGroup;
			children = (
				75EE212A1914B46F009FAC3F /* Supporting Files */,
				75C51BB91D50951F00A2B9EA /* TestSDK */,
				75C34A561CC901FC002330A9 /* Base64 */,
				75A876291CFC7ED400CB876D /* myBundle */,
				75EE21321914B46F009FAC3F /* AppDelegate.h */,
				75EE21331914B46F009FAC3F /* AppDelegate.m */,
				75EE21351914B46F009FAC3F /* Images.xcassets */,
			);
			path = test1;
			sourceTree = "<group>";
		};
		75EE212A1914B46F009FAC3F /* Supporting Files */ = {
			isa = PBXGroup;
			children = (
				75BF72E31C55210C00608FFC /* ybvam11.env */,
				75BF72E01C55205200608FFC /* ybvam1.Mp4 */,
				75EE212B1914B46F009FAC3F /* test1-Info.plist */,
				75EE212C1914B46F009FAC3F /* InfoPlist.strings */,
				75EE212F1914B46F009FAC3F /* main.m */,
				75EE21311914B46F009FAC3F /* test1-Prefix.pch */,
			);
			name = "Supporting Files";
			sourceTree = "<group>";
		};
		75EE21421914B46F009FAC3F /* test1Tests */ = {
			isa = PBXGroup;
			children = (
				75EE21481914B470009FAC3F /* test1Tests.m */,
				75EE21431914B46F009FAC3F /* Supporting Files */,
			);
			path = test1Tests;
			sourceTree = "<group>";
		};
		75EE21431914B46F009FAC3F /* Supporting Files */ = {
			isa = PBXGroup;
			children = (
				75EE21441914B46F009FAC3F /* test1Tests-Info.plist */,
				75EE21451914B470009FAC3F /* InfoPlist.strings */,
			);
			name = "Supporting Files";
			sourceTree = "<group>";
		};
		F5CBE6167115809C7F374037 /* Pods */ = {
			isa = PBXGroup;
			children = (
				A740CE9BF856254642EC704C /* Pods-test1.debug.xcconfig */,
				54ABFF5A2F0EF7A6C794774F /* Pods-test1.release.xcconfig */,
			);
			name = Pods;
			sourceTree = "<group>";
		};
/* End PBXGroup section */

/* Begin PBXNativeTarget section */
		750B1D941BA342C300B6BE3B /* test1 copy */ = {
			isa = PBXNativeTarget;
			buildConfigurationList = 750B1DA51BA342C300B6BE3B /* Build configuration list for PBXNativeTarget "test1 copy" */;
			buildPhases = (
				750B1D951BA342C300B6BE3B /* Check Pods Manifest.lock */,
				750B1D961BA342C300B6BE3B /* Sources */,
				750B1D9C1BA342C300B6BE3B /* Frameworks */,
				750B1DA11BA342C300B6BE3B /* Resources */,
				750B1DA41BA342C300B6BE3B /* Copy Pods Resources */,
			);
			buildRules = (
			);
			dependencies = (
			);
			name = "test1 copy";
			productName = test1;
			productReference = 750B1DA81BA342C300B6BE3B /* test1 copy.app */;
			productType = "com.apple.product-type.application";
		};
		75EE211F1914B46F009FAC3F /* test1 */ = {
			isa = PBXNativeTarget;
			buildConfigurationList = 75EE214C1914B470009FAC3F /* Build configuration list for PBXNativeTarget "test1" */;
			buildPhases = (
				FC319165FDCE77F2259868CA /* Check Pods Manifest.lock */,
				75EE211C1914B46F009FAC3F /* Sources */,
				75EE211D1914B46F009FAC3F /* Frameworks */,
				75EE211E1914B46F009FAC3F /* Resources */,
				34EE04ED253E23B5F49CA05B /* Copy Pods Resources */,
				B355E9BDD278B6FD2F851EF5 /* Embed Pods Frameworks */,
			);
			buildRules = (
			);
			dependencies = (
			);
			name = test1;
			productName = test1;
			productReference = 75EE21201914B46F009FAC3F /* test1.app */;
			productType = "com.apple.product-type.application";
		};
		75EE213A1914B46F009FAC3F /* test1Tests */ = {
			isa = PBXNativeTarget;
			buildConfigurationList = 75EE214F1914B470009FAC3F /* Build configuration list for PBXNativeTarget "test1Tests" */;
			buildPhases = (
				75EE21371914B46F009FAC3F /* Sources */,
				75EE21381914B46F009FAC3F /* Frameworks */,
				75EE21391914B46F009FAC3F /* Resources */,
			);
			buildRules = (
			);
			dependencies = (
				75EE21411914B46F009FAC3F /* PBXTargetDependency */,
			);
			name = test1Tests;
			productName = test1Tests;
			productReference = 75EE213B1914B46F009FAC3F /* test1Tests.xctest */;
			productType = "com.apple.product-type.bundle.unit-test";
		};
/* End PBXNativeTarget section */

/* Begin PBXProject section */
		75EE21181914B46F009FAC3F /* Project object */ = {
			isa = PBXProject;
			attributes = {
				LastUpgradeCheck = 0510;
				ORGANIZATIONNAME = yangshuo;
				TargetAttributes = {
					75EE213A1914B46F009FAC3F = {
						TestTargetID = 75EE211F1914B46F009FAC3F;
					};
				};
			};
			buildConfigurationList = 75EE211B1914B46F009FAC3F /* Build configuration list for PBXProject "test1" */;
			compatibilityVersion = "Xcode 3.2";
			developmentRegion = English;
			hasScannedForEncodings = 0;
			knownRegions = (
				en,
			);
			mainGroup = 75EE21171914B46F009FAC3F;
			productRefGroup = 75EE21211914B46F009FAC3F /* Products */;
			projectDirPath = "";
			projectRoot = "";
			targets = (
				75EE211F1914B46F009FAC3F /* test1 */,
				75EE213A1914B46F009FAC3F /* test1Tests */,
				750B1D941BA342C300B6BE3B /* test1 copy */,
			);
		};
/* End PBXProject section */

/* Begin PBXResourcesBuildPhase section */
		750B1DA11BA342C300B6BE3B /* Resources */ = {
			isa = PBXResourcesBuildPhase;
			buildActionMask = 2147483647;
			files = (
				750B1DA21BA342C300B6BE3B /* InfoPlist.strings in Resources */,
				753E0CCC1D4509FA00BF81DA /* 省心关键字(USER-20141129BV--Administrator--2016-04-24-16,29,18)(USER-20141129BV--Administrator--2016-04-24-18,30,05).xlsx in Resources */,
				750B1DA31BA342C300B6BE3B /* Images.xcassets in Resources */,
				75BF72E21C55205200608FFC /* ybvam1.Mp4 in Resources */,
				75BF72E51C55210C00608FFC /* ybvam11.env in Resources */,
			);
			runOnlyForDeploymentPostprocessing = 0;
		};
		75EE211E1914B46F009FAC3F /* Resources */ = {
			isa = PBXResourcesBuildPhase;
			buildActionMask = 2147483647;
			files = (
				755803F91D12CFA30066336E /* nce1.json in Resources */,
				753E0CCB1D4509FA00BF81DA /* 省心关键字(USER-20141129BV--Administrator--2016-04-24-16,29,18)(USER-20141129BV--Administrator--2016-04-24-18,30,05).xlsx in Resources */,
				7527D1731D521EC7000CFDC6 /* 0803.json in Resources */,
				75C51BB81D5094C600A2B9EA /* 0802O.json in Resources */,
				75EE212E1914B46F009FAC3F /* InfoPlist.strings in Resources */,
				75C51BB51D5094AA00A2B9EA /* 0802.json in Resources */,
				75A876361CFC7ED400CB876D /* pointer2.png in Resources */,
				75EE21361914B46F009FAC3F /* Images.xcassets in Resources */,
				755803F71D12CC460066336E /* newNce.json in Resources */,
				75BF72E11C55205200608FFC /* ybvam1.Mp4 in Resources */,
				75A876351CFC7ED400CB876D /* pointer1.png in Resources */,
				75BF72E41C55210C00608FFC /* ybvam11.env in Resources */,
				75C51BB31D5094A200A2B9EA /* 0802NCEV.json in Resources */,
				75A876341CFC7ED400CB876D /* pointer.png in Resources */,
			);
			runOnlyForDeploymentPostprocessing = 0;
		};
		75EE21391914B46F009FAC3F /* Resources */ = {
			isa = PBXResourcesBuildPhase;
			buildActionMask = 2147483647;
			files = (
				75EE21471914B470009FAC3F /* InfoPlist.strings in Resources */,
			);
			runOnlyForDeploymentPostprocessing = 0;
		};
/* End PBXResourcesBuildPhase section */

/* Begin PBXShellScriptBuildPhase section */
		34EE04ED253E23B5F49CA05B /* Copy Pods Resources */ = {
			isa = PBXShellScriptBuildPhase;
			buildActionMask = 2147483647;
			files = (
			);
			inputPaths = (
			);
			name = "Copy Pods Resources";
			outputPaths = (
			);
			runOnlyForDeploymentPostprocessing = 0;
			shellPath = /bin/sh;
			shellScript = "\"${SRCROOT}/Pods/Target Support Files/Pods-test1/Pods-test1-resources.sh\"\n";
			showEnvVarsInLog = 0;
		};
		750B1D951BA342C300B6BE3B /* Check Pods Manifest.lock */ = {
			isa = PBXShellScriptBuildPhase;
			buildActionMask = 2147483647;
			files = (
			);
			inputPaths = (
			);
			name = "Check Pods Manifest.lock";
			outputPaths = (
			);
			runOnlyForDeploymentPostprocessing = 0;
			shellPath = /bin/sh;
			shellScript = "diff \"${PODS_ROOT}/../Podfile.lock\" \"${PODS_ROOT}/Manifest.lock\" > /dev/null\nif [[ $? != 0 ]] ; then\n    cat << EOM\nerror: The sandbox is not in sync with the Podfile.lock. Run 'pod install' or update your CocoaPods installation.\nEOM\n    exit 1\nfi\n";
			showEnvVarsInLog = 0;
		};
		750B1DA41BA342C300B6BE3B /* Copy Pods Resources */ = {
			isa = PBXShellScriptBuildPhase;
			buildActionMask = 2147483647;
			files = (
			);
			inputPaths = (
			);
			name = "Copy Pods Resources";
			outputPaths = (
			);
			runOnlyForDeploymentPostprocessing = 0;
			shellPath = /bin/sh;
			shellScript = "\"${SRCROOT}/Pods/Target Support Files/Pods-test1/Pods-test1-resources.sh\"\n";
			showEnvVarsInLog = 0;
		};
		B355E9BDD278B6FD2F851EF5 /* Embed Pods Frameworks */ = {
			isa = PBXShellScriptBuildPhase;
			buildActionMask = 2147483647;
			files = (
			);
			inputPaths = (
			);
			name = "Embed Pods Frameworks";
			outputPaths = (
			);
			runOnlyForDeploymentPostprocessing = 0;
			shellPath = /bin/sh;
			shellScript = "\"${SRCROOT}/Pods/Target Support Files/Pods-test1/Pods-test1-frameworks.sh\"\n";
			showEnvVarsInLog = 0;
		};
		FC319165FDCE77F2259868CA /* Check Pods Manifest.lock */ = {
			isa = PBXShellScriptBuildPhase;
			buildActionMask = 2147483647;
			files = (
			);
			inputPaths = (
			);
			name = "Check Pods Manifest.lock";
			outputPaths = (
			);
			runOnlyForDeploymentPostprocessing = 0;
			shellPath = /bin/sh;
			shellScript = "diff \"${PODS_ROOT}/../Podfile.lock\" \"${PODS_ROOT}/Manifest.lock\" > /dev/null\nif [[ $? != 0 ]] ; then\n    cat << EOM\nerror: The sandbox is not in sync with the Podfile.lock. Run 'pod install' or update your CocoaPods installation.\nEOM\n    exit 1\nfi\n";
			showEnvVarsInLog = 0;
		};
/* End PBXShellScriptBuildPhase section */

/* Begin PBXSourcesBuildPhase section */
		750B1D961BA342C300B6BE3B /* Sources */ = {
			isa = PBXSourcesBuildPhase;
			buildActionMask = 2147483647;
			files = (
				750B1D971BA342C300B6BE3B /* AppDelegate.m in Sources */,
				750B1D991BA342C300B6BE3B /* CustomClass.m in Sources */,
				750B1D9A1BA342C300B6BE3B /* MainViewController.m in Sources */,
				750B1D9B1BA342C300B6BE3B /* main.m in Sources */,
			);
			runOnlyForDeploymentPostprocessing = 0;
		};
		75EE211C1914B46F009FAC3F /* Sources */ = {
			isa = PBXSourcesBuildPhase;
			buildActionMask = 2147483647;
			files = (
				75C34A591CC901FC002330A9 /* Base64.m in Sources */,
				75EE21341914B46F009FAC3F /* AppDelegate.m in Sources */,
				75A28D251A4C2EAC00939F10 /* CustomClass.m in Sources */,
				75C51BBC1D50A44D00A2B9EA /* WordModel.m in Sources */,
				75A876321CFC7ED400CB876D /* MyBundleDetailViewController.m in Sources */,
				75C34A551CC901F5002330A9 /* CocoaSecurity.m in Sources */,
				75C34A511CC8FED7002330A9 /* IndexVC.m in Sources */,
				75A876331CFC7ED400CB876D /* Gauge.m in Sources */,
				75EE21541914B4B2009FAC3F /* MainViewController.m in Sources */,
				75EE21301914B46F009FAC3F /* main.m in Sources */,
			);
			runOnlyForDeploymentPostprocessing = 0;
		};
		75EE21371914B46F009FAC3F /* Sources */ = {
			isa = PBXSourcesBuildPhase;
			buildActionMask = 2147483647;
			files = (
				75EE21491914B470009FAC3F /* test1Tests.m in Sources */,
			);
			runOnlyForDeploymentPostprocessing = 0;
		};
/* End PBXSourcesBuildPhase section */

/* Begin PBXTargetDependency section */
		75EE21411914B46F009FAC3F /* PBXTargetDependency */ = {
			isa = PBXTargetDependency;
			target = 75EE211F1914B46F009FAC3F /* test1 */;
			targetProxy = 75EE21401914B46F009FAC3F /* PBXContainerItemProxy */;
		};
/* End PBXTargetDependency section */

/* Begin PBXVariantGroup section */
		75EE212C1914B46F009FAC3F /* InfoPlist.strings */ = {
			isa = PBXVariantGroup;
			children = (
				75EE212D1914B46F009FAC3F /* en */,
			);
			name = InfoPlist.strings;
			sourceTree = "<group>";
		};
		75EE21451914B470009FAC3F /* InfoPlist.strings */ = {
			isa = PBXVariantGroup;
			children = (
				75EE21461914B470009FAC3F /* en */,
			);
			name = InfoPlist.strings;
			sourceTree = "<group>";
		};
/* End PBXVariantGroup section */

/* Begin XCBuildConfiguration section */
		750B1DA61BA342C300B6BE3B /* Debug */ = {
			isa = XCBuildConfiguration;
			baseConfigurationReference = A740CE9BF856254642EC704C /* Pods-test1.debug.xcconfig */;
			buildSettings = {
				ASSETCATALOG_COMPILER_APPICON_NAME = AppIcon;
				ASSETCATALOG_COMPILER_LAUNCHIMAGE_NAME = LaunchImage;
				CLANG_ENABLE_OBJC_ARC = NO;
				FRAMEWORK_SEARCH_PATHS = (
					"$(inherited)",
					"$(PROJECT_DIR)/test1",
				);
				GCC_PRECOMPILE_PREFIX_HEADER = YES;
				GCC_PREFIX_HEADER = "test1/test1-Prefix.pch";
				INFOPLIST_FILE = "test1 copy-Info.plist";
				PRODUCT_NAME = "test1 copy";
				WRAPPER_EXTENSION = app;
			};
			name = Debug;
		};
		750B1DA71BA342C300B6BE3B /* Release */ = {
			isa = XCBuildConfiguration;
			baseConfigurationReference = 54ABFF5A2F0EF7A6C794774F /* Pods-test1.release.xcconfig */;
			buildSettings = {
				ASSETCATALOG_COMPILER_APPICON_NAME = AppIcon;
				ASSETCATALOG_COMPILER_LAUNCHIMAGE_NAME = LaunchImage;
				CLANG_ENABLE_OBJC_ARC = NO;
				FRAMEWORK_SEARCH_PATHS = (
					"$(inherited)",
					"$(PROJECT_DIR)/test1",
				);
				GCC_PRECOMPILE_PREFIX_HEADER = YES;
				GCC_PREFIX_HEADER = "test1/test1-Prefix.pch";
				INFOPLIST_FILE = "test1 copy-Info.plist";
				PRODUCT_NAME = "test1 copy";
				WRAPPER_EXTENSION = app;
			};
			name = Release;
		};
		75EE214A1914B470009FAC3F /* Debug */ = {
			isa = XCBuildConfiguration;
			buildSettings = {
				ALWAYS_SEARCH_USER_PATHS = NO;
				CLANG_CXX_LANGUAGE_STANDARD = "gnu++0x";
				CLANG_CXX_LIBRARY = "libc++";
				CLANG_ENABLE_MODULES = YES;
				CLANG_ENABLE_OBJC_ARC = YES;
				CLANG_WARN_BOOL_CONVERSION = YES;
				CLANG_WARN_CONSTANT_CONVERSION = YES;
				CLANG_WARN_DIRECT_OBJC_ISA_USAGE = YES_ERROR;
				CLANG_WARN_EMPTY_BODY = YES;
				CLANG_WARN_ENUM_CONVERSION = YES;
				CLANG_WARN_INT_CONVERSION = YES;
				CLANG_WARN_OBJC_ROOT_CLASS = YES_ERROR;
				CLANG_WARN__DUPLICATE_METHOD_MATCH = YES;
				"CODE_SIGN_IDENTITY[sdk=iphoneos*]" = "iPhone Developer";
				COPY_PHASE_STRIP = NO;
				GCC_C_LANGUAGE_STANDARD = gnu99;
				GCC_DYNAMIC_NO_PIC = NO;
				GCC_OPTIMIZATION_LEVEL = 0;
				GCC_PREPROCESSOR_DEFINITIONS = (
					"DEBUG=1",
					"$(inherited)",
				);
				GCC_SYMBOLS_PRIVATE_EXTERN = NO;
				GCC_WARN_64_TO_32_BIT_CONVERSION = YES;
				GCC_WARN_ABOUT_RETURN_TYPE = YES_ERROR;
				GCC_WARN_UNDECLARED_SELECTOR = YES;
				GCC_WARN_UNINITIALIZED_AUTOS = YES_AGGRESSIVE;
				GCC_WARN_UNUSED_FUNCTION = YES;
				GCC_WARN_UNUSED_VARIABLE = YES;
				IPHONEOS_DEPLOYMENT_TARGET = 6.0;
				ONLY_ACTIVE_ARCH = YES;
				SDKROOT = iphoneos;
			};
			name = Debug;
		};
		75EE214B1914B470009FAC3F /* Release */ = {
			isa = XCBuildConfiguration;
			buildSettings = {
				ALWAYS_SEARCH_USER_PATHS = NO;
				CLANG_CXX_LANGUAGE_STANDARD = "gnu++0x";
				CLANG_CXX_LIBRARY = "libc++";
				CLANG_ENABLE_MODULES = YES;
				CLANG_ENABLE_OBJC_ARC = YES;
				CLANG_WARN_BOOL_CONVERSION = YES;
				CLANG_WARN_CONSTANT_CONVERSION = YES;
				CLANG_WARN_DIRECT_OBJC_ISA_USAGE = YES_ERROR;
				CLANG_WARN_EMPTY_BODY = YES;
				CLANG_WARN_ENUM_CONVERSION = YES;
				CLANG_WARN_INT_CONVERSION = YES;
				CLANG_WARN_OBJC_ROOT_CLASS = YES_ERROR;
				CLANG_WARN__DUPLICATE_METHOD_MATCH = YES;
				"CODE_SIGN_IDENTITY[sdk=iphoneos*]" = "iPhone Developer";
				COPY_PHASE_STRIP = YES;
				ENABLE_NS_ASSERTIONS = NO;
				GCC_C_LANGUAGE_STANDARD = gnu99;
				GCC_WARN_64_TO_32_BIT_CONVERSION = YES;
				GCC_WARN_ABOUT_RETURN_TYPE = YES_ERROR;
				GCC_WARN_UNDECLARED_SELECTOR = YES;
				GCC_WARN_UNINITIALIZED_AUTOS = YES_AGGRESSIVE;
				GCC_WARN_UNUSED_FUNCTION = YES;
				GCC_WARN_UNUSED_VARIABLE = YES;
				IPHONEOS_DEPLOYMENT_TARGET = 6.0;
				SDKROOT = iphoneos;
				VALIDATE_PRODUCT = YES;
			};
			name = Release;
		};
		75EE214D1914B470009FAC3F /* Debug */ = {
			isa = XCBuildConfiguration;
			baseConfigurationReference = A740CE9BF856254642EC704C /* Pods-test1.debug.xcconfig */;
			buildSettings = {
				ASSETCATALOG_COMPILER_APPICON_NAME = AppIcon;
				ASSETCATALOG_COMPILER_LAUNCHIMAGE_NAME = LaunchImage;
				CLANG_ENABLE_OBJC_ARC = YES;
				FRAMEWORK_SEARCH_PATHS = (
					"$(inherited)",
					"$(PROJECT_DIR)/test1",
				);
				GCC_PRECOMPILE_PREFIX_HEADER = YES;
				GCC_PREFIX_HEADER = "test1/test1-Prefix.pch";
				INFOPLIST_FILE = "test1/test1-Info.plist";
				PRODUCT_NAME = "$(TARGET_NAME)";
				WRAPPER_EXTENSION = app;
			};
			name = Debug;
		};
		75EE214E1914B470009FAC3F /* Release */ = {
			isa = XCBuildConfiguration;
			baseConfigurationReference = 54ABFF5A2F0EF7A6C794774F /* Pods-test1.release.xcconfig */;
			buildSettings = {
				ASSETCATALOG_COMPILER_APPICON_NAME = AppIcon;
				ASSETCATALOG_COMPILER_LAUNCHIMAGE_NAME = LaunchImage;
				CLANG_ENABLE_OBJC_ARC = YES;
				FRAMEWORK_SEARCH_PATHS = (
					"$(inherited)",
					"$(PROJECT_DIR)/test1",
				);
				GCC_PRECOMPILE_PREFIX_HEADER = YES;
				GCC_PREFIX_HEADER = "test1/test1-Prefix.pch";
				INFOPLIST_FILE = "test1/test1-Info.plist";
				PRODUCT_NAME = "$(TARGET_NAME)";
				WRAPPER_EXTENSION = app;
			};
			name = Release;
		};
		75EE21501914B470009FAC3F /* Debug */ = {
			isa = XCBuildConfiguration;
			buildSettings = {
				BUNDLE_LOADER = "$(BUILT_PRODUCTS_DIR)/test1.app/test1";
				FRAMEWORK_SEARCH_PATHS = (
					"$(SDKROOT)/Developer/Library/Frameworks",
					"$(inherited)",
					"$(DEVELOPER_FRAMEWORKS_DIR)",
				);
				GCC_PRECOMPILE_PREFIX_HEADER = YES;
				GCC_PREFIX_HEADER = "test1/test1-Prefix.pch";
				GCC_PREPROCESSOR_DEFINITIONS = (
					"DEBUG=1",
					"$(inherited)",
				);
				INFOPLIST_FILE = "test1Tests/test1Tests-Info.plist";
				PRODUCT_NAME = "$(TARGET_NAME)";
				TEST_HOST = "$(BUNDLE_LOADER)";
				WRAPPER_EXTENSION = xctest;
			};
			name = Debug;
		};
		75EE21511914B470009FAC3F /* Release */ = {
			isa = XCBuildConfiguration;
			buildSettings = {
				BUNDLE_LOADER = "$(BUILT_PRODUCTS_DIR)/test1.app/test1";
				FRAMEWORK_SEARCH_PATHS = (
					"$(SDKROOT)/Developer/Library/Frameworks",
					"$(inherited)",
					"$(DEVELOPER_FRAMEWORKS_DIR)",
				);
				GCC_PRECOMPILE_PREFIX_HEADER = YES;
				GCC_PREFIX_HEADER = "test1/test1-Prefix.pch";
				INFOPLIST_FILE = "test1Tests/test1Tests-Info.plist";
				PRODUCT_NAME = "$(TARGET_NAME)";
				TEST_HOST = "$(BUNDLE_LOADER)";
				WRAPPER_EXTENSION = xctest;
			};
			name = Release;
		};
/* End XCBuildConfiguration section */

/* Begin XCConfigurationList section */
		750B1DA51BA342C300B6BE3B /* Build configuration list for PBXNativeTarget "test1 copy" */ = {
			isa = XCConfigurationList;
			buildConfigurations = (
				750B1DA61BA342C300B6BE3B /* Debug */,
				750B1DA71BA342C300B6BE3B /* Release */,
			);
			defaultConfigurationIsVisible = 0;
			defaultConfigurationName = Release;
		};
		75EE211B1914B46F009FAC3F /* Build configuration list for PBXProject "test1" */ = {
			isa = XCConfigurationList;
			buildConfigurations = (
				75EE214A1914B470009FAC3F /* Debug */,
				75EE214B1914B470009FAC3F /* Release */,
			);
			defaultConfigurationIsVisible = 0;
			defaultConfigurationName = Release;
		};
		75EE214C1914B470009FAC3F /* Build configuration list for PBXNativeTarget "test1" */ = {
			isa = XCConfigurationList;
			buildConfigurations = (
				75EE214D1914B470009FAC3F /* Debug */,
				75EE214E1914B470009FAC3F /* Release */,
			);
			defaultConfigurationIsVisible = 0;
			defaultConfigurationName = Release;
		};
		75EE214F1914B470009FAC3F /* Build configuration list for PBXNativeTarget "test1Tests" */ = {
			isa = XCConfigurationList;
			buildConfigurations = (
				75EE21501914B470009FAC3F /* Debug */,
				75EE21511914B470009FAC3F /* Release */,
			);
			defaultConfigurationIsVisible = 0;
			defaultConfigurationName = Release;
		};
/* End XCConfigurationList section */
	};
	rootObject = 75EE21181914B46F009FAC3F /* Project object */;
}
